
Microsoft Visual Studio Solution File, Format Version 12.00
# Visual Studio Version 17
VisualStudioVersion = 17.14.36408.4 d17.14
MinimumVisualStudioVersion = 10.0.40219.1
Project("{FAE04EC0-301F-11D3-BF4B-00C04F79EFBC}") = "Login", "Login\Login.csproj", "{25BA2FEA-DF0C-4638-BEA3-12BBA0EFE84A}"
EndProject
Global
	GlobalSection(SolutionConfigurationPlatforms) = preSolution
		Debug|Any CPU = Debug|Any CPU
		Release|Any CPU = Release|Any CPU
	EndGlobalSection
	GlobalSection(ProjectConfigurationPlatforms) = postSolution
		{25BA2FEA-DF0C-4638-BEA3-12BBA0EFE84A}.Debug|Any CPU.ActiveCfg = Debug|Any CPU
		{25BA2FEA-DF0C-4638-BEA3-12BBA0EFE84A}.Debug|Any CPU.Build.0 = Debug|Any CPU
		{25BA2FEA-DF0C-4638-BEA3-12BBA0EFE84A}.Release|Any CPU.ActiveCfg = Release|Any CPU
		{25BA2FEA-DF0C-4638-BEA3-12BBA0EFE84A}.Release|Any CPU.Build.0 = Release|Any CPU
	EndGlobalSection
	GlobalSection(SolutionProperties) = preSolution
		HideSolutionNode = FALSE
	EndGlobalSection
	GlobalSection(ExtensibilityGlobals) = postSolution
		SolutionGuid = {35BA85EE-F676-4C8A-8A4C-64B06A956A9B}
	EndGlobalSection
EndGlobal
